
Microsoft Visual Studio Solution File, Format Version 12.00
# Visual Studio 15
VisualStudioVersion = 15.0.26228.4
MinimumVisualStudioVersion = 10.0.40219.1
Project("{FAE04EC0-301F-11D3-BF4B-00C04F79EFBC}") = "Core.PSP", "Core.PSP\Core.PSP.csproj", "{F6DBBC7A-3090-4428-8E3A-CBEB34FA243A}"
EndProject
Project("{FAE04EC0-301F-11D3-BF4B-00C04F79EFBC}") = "Core.Model", "Core.Model\Core.Model.csproj", "{3C343050-ABC9-4373-9BD8-8BC62D84822C}"
EndProject
Project("{FAE04EC0-301F-11D3-BF4B-00C04F79EFBC}") = "Core.Business", "Core.Business\Core.Business.csproj", "{F23CB770-FD84-4327-9568-7C0E12E00BF2}"
EndProject
Project("{FAE04EC0-301F-11D3-BF4B-00C04F79EFBC}") = "Core.Base", "Core.Base\Core.Base.csproj", "{EE8790E4-4FC5-4BEE-AC76-0CDA603B573C}"
EndProject
Global
	GlobalSection(SolutionConfigurationPlatforms) = preSolution
		Debug|Any CPU = Debug|Any CPU
		Release|Any CPU = Release|Any CPU
	EndGlobalSection
	GlobalSection(ProjectConfigurationPlatforms) = postSolution
		{F6DBBC7A-3090-4428-8E3A-CBEB34FA243A}.Debug|Any CPU.ActiveCfg = Debug|Any CPU
		{F6DBBC7A-3090-4428-8E3A-CBEB34FA243A}.Debug|Any CPU.Build.0 = Debug|Any CPU
		{F6DBBC7A-3090-4428-8E3A-CBEB34FA243A}.Release|Any CPU.ActiveCfg = Release|Any CPU
		{F6DBBC7A-3090-4428-8E3A-CBEB34FA243A}.Release|Any CPU.Build.0 = Release|Any CPU
		{3C343050-ABC9-4373-9BD8-8BC62D84822C}.Debug|Any CPU.ActiveCfg = Debug|Any CPU
		{3C343050-ABC9-4373-9BD8-8BC62D84822C}.Debug|Any CPU.Build.0 = Debug|Any CPU
		{3C343050-ABC9-4373-9BD8-8BC62D84822C}.Release|Any CPU.ActiveCfg = Release|Any CPU
		{3C343050-ABC9-4373-9BD8-8BC62D84822C}.Release|Any CPU.Build.0 = Release|Any CPU
		{F23CB770-FD84-4327-9568-7C0E12E00BF2}.Debug|Any CPU.ActiveCfg = Debug|Any CPU
		{F23CB770-FD84-4327-9568-7C0E12E00BF2}.Debug|Any CPU.Build.0 = Debug|Any CPU
		{F23CB770-FD84-4327-9568-7C0E12E00BF2}.Release|Any CPU.ActiveCfg = Release|Any CPU
		{F23CB770-FD84-4327-9568-7C0E12E00BF2}.Release|Any CPU.Build.0 = Release|Any CPU
		{EE8790E4-4FC5-4BEE-AC76-0CDA603B573C}.Debug|Any CPU.ActiveCfg = Debug|Any CPU
		{EE8790E4-4FC5-4BEE-AC76-0CDA603B573C}.Debug|Any CPU.Build.0 = Debug|Any CPU
		{EE8790E4-4FC5-4BEE-AC76-0CDA603B573C}.Release|Any CPU.ActiveCfg = Release|Any CPU
		{EE8790E4-4FC5-4BEE-AC76-0CDA603B573C}.Release|Any CPU.Build.0 = Release|Any CPU
	EndGlobalSection
	GlobalSection(SolutionProperties) = preSolution
		HideSolutionNode = FALSE
	EndGlobalSection
	GlobalSection(ExtensibilityGlobals) = postSolution
		SolutionGuid = {88C2CDBF-D0E7-4A75-8C5C-DB213AF1E07B}
	EndGlobalSection
EndGlobal
