
Microsoft Visual Studio Solution File, Format Version 11.00
# Visual Studio 2010
Project("{FAE04EC0-301F-11D3-BF4B-00C04F79EFBC}") = "DI03", "DI03\DI03.csproj", "{502171AA-0697-4B8A-A095-8F6286E93062}"
EndProject
Project("{FAE04EC0-301F-11D3-BF4B-00C04F79EFBC}") = "DI03.Services", "DI03.Services\DI03.Services.csproj", "{FC707C24-00AB-4C03-9B1A-AD0D5B42001E}"
EndProject
Global
	GlobalSection(SolutionConfigurationPlatforms) = preSolution
		Debug|Any CPU = Debug|Any CPU
		Debug|Mixed Platforms = Debug|Mixed Platforms
		Debug|x86 = Debug|x86
		Release|Any CPU = Release|Any CPU
		Release|Mixed Platforms = Release|Mixed Platforms
		Release|x86 = Release|x86
	EndGlobalSection
	GlobalSection(ProjectConfigurationPlatforms) = postSolution
		{502171AA-0697-4B8A-A095-8F6286E93062}.Debug|Any CPU.ActiveCfg = Debug|x86
		{502171AA-0697-4B8A-A095-8F6286E93062}.Debug|Mixed Platforms.ActiveCfg = Debug|x86
		{502171AA-0697-4B8A-A095-8F6286E93062}.Debug|Mixed Platforms.Build.0 = Debug|x86
		{502171AA-0697-4B8A-A095-8F6286E93062}.Debug|x86.ActiveCfg = Debug|x86
		{502171AA-0697-4B8A-A095-8F6286E93062}.Debug|x86.Build.0 = Debug|x86
		{502171AA-0697-4B8A-A095-8F6286E93062}.Release|Any CPU.ActiveCfg = Release|x86
		{502171AA-0697-4B8A-A095-8F6286E93062}.Release|Mixed Platforms.ActiveCfg = Release|x86
		{502171AA-0697-4B8A-A095-8F6286E93062}.Release|Mixed Platforms.Build.0 = Release|x86
		{502171AA-0697-4B8A-A095-8F6286E93062}.Release|x86.ActiveCfg = Release|x86
		{502171AA-0697-4B8A-A095-8F6286E93062}.Release|x86.Build.0 = Release|x86
		{FC707C24-00AB-4C03-9B1A-AD0D5B42001E}.Debug|Any CPU.ActiveCfg = Debug|Any CPU
		{FC707C24-00AB-4C03-9B1A-AD0D5B42001E}.Debug|Any CPU.Build.0 = Debug|Any CPU
		{FC707C24-00AB-4C03-9B1A-AD0D5B42001E}.Debug|Mixed Platforms.ActiveCfg = Debug|Any CPU
		{FC707C24-00AB-4C03-9B1A-AD0D5B42001E}.Debug|Mixed Platforms.Build.0 = Debug|Any CPU
		{FC707C24-00AB-4C03-9B1A-AD0D5B42001E}.Debug|x86.ActiveCfg = Debug|Any CPU
		{FC707C24-00AB-4C03-9B1A-AD0D5B42001E}.Release|Any CPU.ActiveCfg = Release|Any CPU
		{FC707C24-00AB-4C03-9B1A-AD0D5B42001E}.Release|Any CPU.Build.0 = Release|Any CPU
		{FC707C24-00AB-4C03-9B1A-AD0D5B42001E}.Release|Mixed Platforms.ActiveCfg = Release|Any CPU
		{FC707C24-00AB-4C03-9B1A-AD0D5B42001E}.Release|Mixed Platforms.Build.0 = Release|Any CPU
		{FC707C24-00AB-4C03-9B1A-AD0D5B42001E}.Release|x86.ActiveCfg = Release|Any CPU
	EndGlobalSection
	GlobalSection(SolutionProperties) = preSolution
		HideSolutionNode = FALSE
	EndGlobalSection
EndGlobal
